
Microsoft Visual Studio Solution File, Format Version 12.00
# Visual Studio Version 17
VisualStudioVersion = 17.6.33829.357
MinimumVisualStudioVersion = 10.0.40219.1
Project("{FAE04EC0-301F-11D3-BF4B-00C04F79EFBC}") = "githubyml", "githubyml\githubyml.csproj", "{76FDD3A5-26A9-40DF-B0B5-4E86EF1D04F9}"
EndProject
Global
	GlobalSection(SolutionConfigurationPlatforms) = preSolution
		Debug|Any CPU = Debug|Any CPU
		Release|Any CPU = Release|Any CPU
	EndGlobalSection
	GlobalSection(ProjectConfigurationPlatforms) = postSolution
		{76FDD3A5-26A9-40DF-B0B5-4E86EF1D04F9}.Debug|Any CPU.ActiveCfg = Debug|Any CPU
		{76FDD3A5-26A9-40DF-B0B5-4E86EF1D04F9}.Debug|Any CPU.Build.0 = Debug|Any CPU
		{76FDD3A5-26A9-40DF-B0B5-4E86EF1D04F9}.Release|Any CPU.ActiveCfg = Release|Any CPU
		{76FDD3A5-26A9-40DF-B0B5-4E86EF1D04F9}.Release|Any CPU.Build.0 = Release|Any CPU
	EndGlobalSection
	GlobalSection(SolutionProperties) = preSolution
		HideSolutionNode = FALSE
	EndGlobalSection
	GlobalSection(ExtensibilityGlobals) = postSolution
		SolutionGuid = {082E9C11-4763-4E88-9068-627A8CB90D30}
	EndGlobalSection
EndGlobal
